// !$*UTF8*$!
{
	archiveVersion = 1;
	classes = {
	};
	objectVersion = 54;
	objects = {

/* Begin PBXBuildFile section */
		1498D2341E8E89220040F4C2 /* GeneratedPluginRegistrant.m in Sources */ = {isa = PBXBuildFile; fileRef = 1498D2331E8E89220040F4C2 /* GeneratedPluginRegistrant.m */; };
		331C808B294A63AB00263BE5 /* RunnerTests.swift in Sources */ = {isa = PBXBuildFile; fileRef = 331C807B294A618700263BE5 /* RunnerTests.swift */; };
		3B3967161E833CAA004F5970 /* AppFrameworkInfo.plist in Resources */ = {isa = PBXBuildFile; fileRef = 3B3967151E833CAA004F5970 /* AppFrameworkInfo.plist */; };
		470D935D2D63166900787681 /* PhotoPreview.swift in Sources */ = {isa = PBXBuildFile; fileRef = 470D935C2D63166000787681 /* PhotoPreview.swift */; };
		47DF054F2D5CF1500028894C /* CubeManager.swift in Sources */ = {isa = PBXBuildFile; fileRef = 47DF054A2D5CF1500028894C /* CubeManager.swift */; };
		47DF05502D5CF1500028894C /* ImageSaver.swift in Sources */ = {isa = PBXBuildFile; fileRef = 47DF054D2D5CF1500028894C /* ImageSaver.swift */; };
		47DF05512D5CF1500028894C /* FilterProcessor.swift in Sources */ = {isa = PBXBuildFile; fileRef = 47DF054C2D5CF1500028894C /* FilterProcessor.swift */; };
		47DF05522D5CF1500028894C /* CubeParser.swift in Sources */ = {isa = PBXBuildFile; fileRef = 47DF054B2D5CF1500028894C /* CubeParser.swift */; };
		47DF06202D5CF8E00028894C /* Pretendard-Light.otf in Resources */ = {isa = PBXBuildFile; fileRef = 47DF061A2D5CF8E00028894C /* Pretendard-Light.otf */; };
		47DF06212D5CF8E00028894C /* Pretendard-SemiBold.otf in Resources */ = {isa = PBXBuildFile; fileRef = 47DF061D2D5CF8E00028894C /* Pretendard-SemiBold.otf */; };
		47DF06222D5CF8E00028894C /* Pretendard-ExtraBold.otf in Resources */ = {isa = PBXBuildFile; fileRef = 47DF06182D5CF8E00028894C /* Pretendard-ExtraBold.otf */; };
		47DF06232D5CF8E00028894C /* Pretendard-Medium.otf in Resources */ = {isa = PBXBuildFile; fileRef = 47DF061B2D5CF8E00028894C /* Pretendard-Medium.otf */; };
		47DF06242D5CF8E00028894C /* Pretendard-Black.otf in Resources */ = {isa = PBXBuildFile; fileRef = 47DF06162D5CF8E00028894C /* Pretendard-Black.otf */; };
		47DF06252D5CF8E00028894C /* Pretendard-Bold.otf in Resources */ = {isa = PBXBuildFile; fileRef = 47DF06172D5CF8E00028894C /* Pretendard-Bold.otf */; };
		47DF06262D5CF8E00028894C /* Pretendard-Thin.otf in Resources */ = {isa = PBXBuildFile; fileRef = 47DF061E2D5CF8E00028894C /* Pretendard-Thin.otf */; };
		47DF06272D5CF8E00028894C /* Pretendard-Regular.otf in Resources */ = {isa = PBXBuildFile; fileRef = 47DF061C2D5CF8E00028894C /* Pretendard-Regular.otf */; };
		47DF06282D5CF8E00028894C /* Pretendard-ExtraLight.otf in Resources */ = {isa = PBXBuildFile; fileRef = 47DF06192D5CF8E00028894C /* Pretendard-ExtraLight.otf */; };
		47DF062A2D5CF9120028894C /* ImageEditViewController.swift in Sources */ = {isa = PBXBuildFile; fileRef = 47DF06292D5CF9120028894C /* ImageEditViewController.swift */; };
		47DF06662D5D85170028894C /* FilterButton.swift in Sources */ = {isa = PBXBuildFile; fileRef = 47DF06602D5D85170028894C /* FilterButton.swift */; };
		47DF06672D5D85170028894C /* ContentView.swift in Sources */ = {isa = PBXBuildFile; fileRef = 47DF06622D5D85170028894C /* ContentView.swift */; };
		47DF06682D5D85170028894C /* CustomSlider.swift in Sources */ = {isa = PBXBuildFile; fileRef = 47DF065E2D5D85170028894C /* CustomSlider.swift */; };
		47DF06692D5D85170028894C /* EffectButton.swift in Sources */ = {isa = PBXBuildFile; fileRef = 47DF065F2D5D85170028894C /* EffectButton.swift */; };
		47DF066C2D5D85170028894C /* ImagePicker.swift in Sources */ = {isa = PBXBuildFile; fileRef = 47DF06642D5D85170028894C /* ImagePicker.swift */; };
		47DF06A02D5D94A70028894C /* AVAssetExportSession.swift in Sources */ = {isa = PBXBuildFile; fileRef = 47DF069F2D5D94980028894C /* AVAssetExportSession.swift */; };
		47DF06A62D5D99DC0028894C /* CustomCameraView.swift in Sources */ = {isa = PBXBuildFile; fileRef = 47DF06A52D5D99D00028894C /* CustomCameraView.swift */; };
		47DF06AC2D5D9B0D0028894C /* CameraController.swift in Sources */ = {isa = PBXBuildFile; fileRef = 47DF06AB2D5D9B0A0028894C /* CameraController.swift */; };
		47DF06B02D5D9B550028894C /* FilterIntensitySlider.swift in Sources */ = {isa = PBXBuildFile; fileRef = 47DF06AF2D5D9B530028894C /* FilterIntensitySlider.swift */; };
		47DF06BC2D5D9F230028894C /* ImageEditView.swift in Sources */ = {isa = PBXBuildFile; fileRef = 47DF06BB2D5D9F210028894C /* ImageEditView.swift */; };
		47DF06C52D5DA35D0028894C /* CameraPreviewView.swift in Sources */ = {isa = PBXBuildFile; fileRef = 47DF06C42D5DA35B0028894C /* CameraPreviewView.swift */; };
		47DF06DF2D5DCFC60028894C /* CameraControlsView.swift in Sources */ = {isa = PBXBuildFile; fileRef = 47DF06DE2D5DCFC10028894C /* CameraControlsView.swift */; };
		74858FAF1ED2DC5600515810 /* AppDelegate.swift in Sources */ = {isa = PBXBuildFile; fileRef = 74858FAE1ED2DC5600515810 /* AppDelegate.swift */; };
		97C146FC1CF9000F007C117D /* Main.storyboard in Resources */ = {isa = PBXBuildFile; fileRef = 97C146FA1CF9000F007C117D /* Main.storyboard */; };
		97C147011CF9000F007C117D /* LaunchScreen.storyboard in Resources */ = {isa = PBXBuildFile; fileRef = 97C146FF1CF9000F007C117D /* LaunchScreen.storyboard */; };
		A23FBA011E9F126DB7C7DE60 /* GoogleService-Info.plist in Resources */ = {isa = PBXBuildFile; fileRef = ABD0FB7F8683BF431F947077 /* GoogleService-Info.plist */; };
		C018501205599FA317A59F3A /* Pods_Runner.framework in Frameworks */ = {isa = PBXBuildFile; fileRef = 844E8010F226BA2A5D4BFE12 /* Pods_Runner.framework */; };
		C8E30A8522F3E7E877F3B912 /* Pods_RunnerTests.framework in Frameworks */ = {isa = PBXBuildFile; fileRef = 420283D2FBED8950B5F22CF0 /* Pods_RunnerTests.framework */; };
		E54765512DA7B046009C08CE /* Assets.xcassets in Resources */ = {isa = PBXBuildFile; fileRef = E54765502DA7AFE8009C08CE /* Assets.xcassets */; };
		E54765552DA7B27E009C08CE /* HS유지체.ttf in Resources */ = {isa = PBXBuildFile; fileRef = E54765542DA7B27E009C08CE /* HS유지체.ttf */; };
		E54765642DA7FEAA009C08CE /* normal_thumbnail.png in Resources */ = {isa = PBXBuildFile; fileRef = E54765632DA7FEAA009C08CE /* normal_thumbnail.png */; };
		E54765652DA7FEAA009C08CE /* daily2_thumbnail.png in Resources */ = {isa = PBXBuildFile; fileRef = E54765602DA7FEAA009C08CE /* daily2_thumbnail.png */; };
		E54765662DA7FEAA009C08CE /* film_thumbnail.png in Resources */ = {isa = PBXBuildFile; fileRef = E54765612DA7FEAA009C08CE /* film_thumbnail.png */; };
		E54765672DA7FEAA009C08CE /* mood_thumbnail.png in Resources */ = {isa = PBXBuildFile; fileRef = E54765622DA7FEAA009C08CE /* mood_thumbnail.png */; };
		E54765682DA7FEAA009C08CE /* daily1_thumbnail.png in Resources */ = {isa = PBXBuildFile; fileRef = E547655F2DA7FEAA009C08CE /* daily1_thumbnail.png */; };
		E5F85FDD2DA69EF60094BBAB /* mood.cube in Resources */ = {isa = PBXBuildFile; fileRef = E5F85FDC2DA69EF60094BBAB /* mood.cube */; };
		E5F85FDE2DA69EF60094BBAB /* film.cube in Resources */ = {isa = PBXBuildFile; fileRef = E5F85FDB2DA69EF60094BBAB /* film.cube */; };
		E5F85FDF2DA69EF60094BBAB /* daily1.cube in Resources */ = {isa = PBXBuildFile; fileRef = E5F85FD92DA69EF60094BBAB /* daily1.cube */; };
		E5F85FE02DA69EF60094BBAB /* daily2.cube in Resources */ = {isa = PBXBuildFile; fileRef = E5F85FDA2DA69EF60094BBAB /* daily2.cube */; };
/* End PBXBuildFile section */

/* Begin PBXContainerItemProxy section */
		331C8085294A63A400263BE5 /* PBXContainerItemProxy */ = {
			isa = PBXContainerItemProxy;
			containerPortal = 97C146E61CF9000F007C117D /* Project object */;
			proxyType = 1;
			remoteGlobalIDString = 97C146ED1CF9000F007C117D;
			remoteInfo = Runner;
		};
/* End PBXContainerItemProxy section */

/* Begin PBXCopyFilesBuildPhase section */
		9705A1C41CF9048500538489 /* Embed Frameworks */ = {
			isa = PBXCopyFilesBuildPhase;
			buildActionMask = 2147483647;
			dstPath = "";
			dstSubfolderSpec = 10;
			files = (
			);
			name = "Embed Frameworks";
			runOnlyForDeploymentPostprocessing = 0;
		};
/* End PBXCopyFilesBuildPhase section */

/* Begin PBXFileReference section */
		1498D2321E8E86230040F4C2 /* GeneratedPluginRegistrant.h */ = {isa = PBXFileReference; lastKnownFileType = sourcecode.c.h; path = GeneratedPluginRegistrant.h; sourceTree = "<group>"; };
		1498D2331E8E89220040F4C2 /* GeneratedPluginRegistrant.m */ = {isa = PBXFileReference; fileEncoding = 4; lastKnownFileType = sourcecode.c.objc; path = GeneratedPluginRegistrant.m; sourceTree = "<group>"; };
		331C807B294A618700263BE5 /* RunnerTests.swift */ = {isa = PBXFileReference; lastKnownFileType = sourcecode.swift; path = RunnerTests.swift; sourceTree = "<group>"; };
		331C8081294A63A400263BE5 /* RunnerTests.xctest */ = {isa = PBXFileReference; explicitFileType = wrapper.cfbundle; includeInIndex = 0; path = RunnerTests.xctest; sourceTree = BUILT_PRODUCTS_DIR; };
		3680F95D8CF0BFDAB04AF1BB /* Pods-RunnerTests.debug.xcconfig */ = {isa = PBXFileReference; includeInIndex = 1; lastKnownFileType = text.xcconfig; name = "Pods-RunnerTests.debug.xcconfig"; path = "Target Support Files/Pods-RunnerTests/Pods-RunnerTests.debug.xcconfig"; sourceTree = "<group>"; };
		3B3967151E833CAA004F5970 /* AppFrameworkInfo.plist */ = {isa = PBXFileReference; fileEncoding = 4; lastKnownFileType = text.plist.xml; name = AppFrameworkInfo.plist; path = Flutter/AppFrameworkInfo.plist; sourceTree = "<group>"; };
		420283D2FBED8950B5F22CF0 /* Pods_RunnerTests.framework */ = {isa = PBXFileReference; explicitFileType = wrapper.framework; includeInIndex = 0; path = Pods_RunnerTests.framework; sourceTree = BUILT_PRODUCTS_DIR; };
		470D935C2D63166000787681 /* PhotoPreview.swift */ = {isa = PBXFileReference; lastKnownFileType = sourcecode.swift; path = PhotoPreview.swift; sourceTree = "<group>"; };
		472864AE2D2F9DB400FC7252 /* Runner.entitlements */ = {isa = PBXFileReference; lastKnownFileType = text.plist.entitlements; path = Runner.entitlements; sourceTree = "<group>"; };
		47DF03DE2D5B38FC0028894C /* Runner.xcodeproj */ = {isa = PBXFileReference; lastKnownFileType = "wrapper.pb-project"; path = Runner.xcodeproj; sourceTree = "<group>"; };
		47DF054A2D5CF1500028894C /* CubeManager.swift */ = {isa = PBXFileReference; lastKnownFileType = sourcecode.swift; path = CubeManager.swift; sourceTree = "<group>"; };
		47DF054B2D5CF1500028894C /* CubeParser.swift */ = {isa = PBXFileReference; lastKnownFileType = sourcecode.swift; path = CubeParser.swift; sourceTree = "<group>"; };
		47DF054C2D5CF1500028894C /* FilterProcessor.swift */ = {isa = PBXFileReference; lastKnownFileType = sourcecode.swift; path = FilterProcessor.swift; sourceTree = "<group>"; };
		47DF054D2D5CF1500028894C /* ImageSaver.swift */ = {isa = PBXFileReference; lastKnownFileType = sourcecode.swift; path = ImageSaver.swift; sourceTree = "<group>"; };
		47DF06162D5CF8E00028894C /* Pretendard-Black.otf */ = {isa = PBXFileReference; lastKnownFileType = file; path = "Pretendard-Black.otf"; sourceTree = "<group>"; };
		47DF06172D5CF8E00028894C /* Pretendard-Bold.otf */ = {isa = PBXFileReference; lastKnownFileType = file; path = "Pretendard-Bold.otf"; sourceTree = "<group>"; };
		47DF06182D5CF8E00028894C /* Pretendard-ExtraBold.otf */ = {isa = PBXFileReference; lastKnownFileType = file; path = "Pretendard-ExtraBold.otf"; sourceTree = "<group>"; };
		47DF06192D5CF8E00028894C /* Pretendard-ExtraLight.otf */ = {isa = PBXFileReference; lastKnownFileType = file; path = "Pretendard-ExtraLight.otf"; sourceTree = "<group>"; };
		47DF061A2D5CF8E00028894C /* Pretendard-Light.otf */ = {isa = PBXFileReference; lastKnownFileType = file; path = "Pretendard-Light.otf"; sourceTree = "<group>"; };
		47DF061B2D5CF8E00028894C /* Pretendard-Medium.otf */ = {isa = PBXFileReference; lastKnownFileType = file; path = "Pretendard-Medium.otf"; sourceTree = "<group>"; };
		47DF061C2D5CF8E00028894C /* Pretendard-Regular.otf */ = {isa = PBXFileReference; lastKnownFileType = file; path = "Pretendard-Regular.otf"; sourceTree = "<group>"; };
		47DF061D2D5CF8E00028894C /* Pretendard-SemiBold.otf */ = {isa = PBXFileReference; lastKnownFileType = file; path = "Pretendard-SemiBold.otf"; sourceTree = "<group>"; };
		47DF061E2D5CF8E00028894C /* Pretendard-Thin.otf */ = {isa = PBXFileReference; lastKnownFileType = file; path = "Pretendard-Thin.otf"; sourceTree = "<group>"; };
		47DF06292D5CF9120028894C /* ImageEditViewController.swift */ = {isa = PBXFileReference; lastKnownFileType = sourcecode.swift; path = ImageEditViewController.swift; sourceTree = "<group>"; };
		47DF065E2D5D85170028894C /* CustomSlider.swift */ = {isa = PBXFileReference; lastKnownFileType = sourcecode.swift; path = CustomSlider.swift; sourceTree = "<group>"; };
		47DF065F2D5D85170028894C /* EffectButton.swift */ = {isa = PBXFileReference; lastKnownFileType = sourcecode.swift; path = EffectButton.swift; sourceTree = "<group>"; };
		47DF06602D5D85170028894C /* FilterButton.swift */ = {isa = PBXFileReference; lastKnownFileType = sourcecode.swift; path = FilterButton.swift; sourceTree = "<group>"; };
		47DF06622D5D85170028894C /* ContentView.swift */ = {isa = PBXFileReference; lastKnownFileType = sourcecode.swift; path = ContentView.swift; sourceTree = "<group>"; };
		47DF06642D5D85170028894C /* ImagePicker.swift */ = {isa = PBXFileReference; lastKnownFileType = sourcecode.swift; path = ImagePicker.swift; sourceTree = "<group>"; };
		47DF069F2D5D94980028894C /* AVAssetExportSession.swift */ = {isa = PBXFileReference; lastKnownFileType = sourcecode.swift; path = AVAssetExportSession.swift; sourceTree = "<group>"; };
		47DF06A52D5D99D00028894C /* CustomCameraView.swift */ = {isa = PBXFileReference; lastKnownFileType = sourcecode.swift; path = CustomCameraView.swift; sourceTree = "<group>"; };
		47DF06AB2D5D9B0A0028894C /* CameraController.swift */ = {isa = PBXFileReference; lastKnownFileType = sourcecode.swift; path = CameraController.swift; sourceTree = "<group>"; };
		47DF06AF2D5D9B530028894C /* FilterIntensitySlider.swift */ = {isa = PBXFileReference; lastKnownFileType = sourcecode.swift; path = FilterIntensitySlider.swift; sourceTree = "<group>"; };
		47DF06BB2D5D9F210028894C /* ImageEditView.swift */ = {isa = PBXFileReference; lastKnownFileType = sourcecode.swift; path = ImageEditView.swift; sourceTree = "<group>"; };
		47DF06C42D5DA35B0028894C /* CameraPreviewView.swift */ = {isa = PBXFileReference; lastKnownFileType = sourcecode.swift; path = CameraPreviewView.swift; sourceTree = "<group>"; };
		47DF06DE2D5DCFC10028894C /* CameraControlsView.swift */ = {isa = PBXFileReference; lastKnownFileType = sourcecode.swift; path = CameraControlsView.swift; sourceTree = "<group>"; };
		74858FAD1ED2DC5600515810 /* Runner-Bridging-Header.h */ = {isa = PBXFileReference; lastKnownFileType = sourcecode.c.h; path = "Runner-Bridging-Header.h"; sourceTree = "<group>"; };
		74858FAE1ED2DC5600515810 /* AppDelegate.swift */ = {isa = PBXFileReference; fileEncoding = 4; lastKnownFileType = sourcecode.swift; path = AppDelegate.swift; sourceTree = "<group>"; };
		7670F4B0E4B5A20170BACA0D /* Pods-RunnerTests.profile.xcconfig */ = {isa = PBXFileReference; includeInIndex = 1; lastKnownFileType = text.xcconfig; name = "Pods-RunnerTests.profile.xcconfig"; path = "Target Support Files/Pods-RunnerTests/Pods-RunnerTests.profile.xcconfig"; sourceTree = "<group>"; };
		7AFA3C8E1D35360C0083082E /* Release.xcconfig */ = {isa = PBXFileReference; lastKnownFileType = text.xcconfig; name = Release.xcconfig; path = Flutter/Release.xcconfig; sourceTree = "<group>"; };
		7BBD233E1A17E0AEE6E89187 /* Pods-Runner.debug.xcconfig */ = {isa = PBXFileReference; includeInIndex = 1; lastKnownFileType = text.xcconfig; name = "Pods-Runner.debug.xcconfig"; path = "Target Support Files/Pods-Runner/Pods-Runner.debug.xcconfig"; sourceTree = "<group>"; };
		83A286AB1CAFF4B90B17F561 /* Pods-Runner.profile.xcconfig */ = {isa = PBXFileReference; includeInIndex = 1; lastKnownFileType = text.xcconfig; name = "Pods-Runner.profile.xcconfig"; path = "Target Support Files/Pods-Runner/Pods-Runner.profile.xcconfig"; sourceTree = "<group>"; };
		844E8010F226BA2A5D4BFE12 /* Pods_Runner.framework */ = {isa = PBXFileReference; explicitFileType = wrapper.framework; includeInIndex = 0; path = Pods_Runner.framework; sourceTree = BUILT_PRODUCTS_DIR; };
		87888CE4E6273D4991A72CBE /* Pods-Runner.release.xcconfig */ = {isa = PBXFileReference; includeInIndex = 1; lastKnownFileType = text.xcconfig; name = "Pods-Runner.release.xcconfig"; path = "Target Support Files/Pods-Runner/Pods-Runner.release.xcconfig"; sourceTree = "<group>"; };
		9740EEB21CF90195004384FC /* Debug.xcconfig */ = {isa = PBXFileReference; fileEncoding = 4; lastKnownFileType = text.xcconfig; name = Debug.xcconfig; path = Flutter/Debug.xcconfig; sourceTree = "<group>"; };
		9740EEB31CF90195004384FC /* Generated.xcconfig */ = {isa = PBXFileReference; fileEncoding = 4; lastKnownFileType = text.xcconfig; name = Generated.xcconfig; path = Flutter/Generated.xcconfig; sourceTree = "<group>"; };
		97C146EE1CF9000F007C117D /* Runner.app */ = {isa = PBXFileReference; explicitFileType = wrapper.application; includeInIndex = 0; path = Runner.app; sourceTree = BUILT_PRODUCTS_DIR; };
		97C146FB1CF9000F007C117D /* Base */ = {isa = PBXFileReference; lastKnownFileType = file.storyboard; name = Base; path = Base.lproj/Main.storyboard; sourceTree = "<group>"; };
		97C147001CF9000F007C117D /* Base */ = {isa = PBXFileReference; lastKnownFileType = file.storyboard; name = Base; path = Base.lproj/LaunchScreen.storyboard; sourceTree = "<group>"; };
		97C147021CF9000F007C117D /* Info.plist */ = {isa = PBXFileReference; lastKnownFileType = text.plist.xml; path = Info.plist; sourceTree = "<group>"; };
		ABD0FB7F8683BF431F947077 /* GoogleService-Info.plist */ = {isa = PBXFileReference; includeInIndex = 1; lastKnownFileType = text.plist.xml; name = "GoogleService-Info.plist"; path = "Runner/GoogleService-Info.plist"; sourceTree = "<group>"; };
		E54765502DA7AFE8009C08CE /* Assets.xcassets */ = {isa = PBXFileReference; lastKnownFileType = folder.assetcatalog; path = Assets.xcassets; sourceTree = "<group>"; };
		E54765542DA7B27E009C08CE /* HS유지체.ttf */ = {isa = PBXFileReference; lastKnownFileType = file; path = "HS유지체.ttf"; sourceTree = "<group>"; };
		E547655F2DA7FEAA009C08CE /* daily1_thumbnail.png */ = {isa = PBXFileReference; lastKnownFileType = image.png; path = daily1_thumbnail.png; sourceTree = "<group>"; };
		E54765602DA7FEAA009C08CE /* daily2_thumbnail.png */ = {isa = PBXFileReference; lastKnownFileType = image.png; path = daily2_thumbnail.png; sourceTree = "<group>"; };
		E54765612DA7FEAA009C08CE /* film_thumbnail.png */ = {isa = PBXFileReference; lastKnownFileType = image.png; path = film_thumbnail.png; sourceTree = "<group>"; };
		E54765622DA7FEAA009C08CE /* mood_thumbnail.png */ = {isa = PBXFileReference; lastKnownFileType = image.png; path = mood_thumbnail.png; sourceTree = "<group>"; };
		E54765632DA7FEAA009C08CE /* normal_thumbnail.png */ = {isa = PBXFileReference; lastKnownFileType = image.png; path = normal_thumbnail.png; sourceTree = "<group>"; };
		E5F85FD92DA69EF60094BBAB /* daily1.cube */ = {isa = PBXFileReference; lastKnownFileType = text; path = daily1.cube; sourceTree = "<group>"; };
		E5F85FDA2DA69EF60094BBAB /* daily2.cube */ = {isa = PBXFileReference; lastKnownFileType = text; path = daily2.cube; sourceTree = "<group>"; };
		E5F85FDB2DA69EF60094BBAB /* film.cube */ = {isa = PBXFileReference; lastKnownFileType = text; path = film.cube; sourceTree = "<group>"; };
		E5F85FDC2DA69EF60094BBAB /* mood.cube */ = {isa = PBXFileReference; lastKnownFileType = text; path = mood.cube; sourceTree = "<group>"; };
		F6BFCE5606F2013C99725D54 /* Pods-RunnerTests.release.xcconfig */ = {isa = PBXFileReference; includeInIndex = 1; lastKnownFileType = text.xcconfig; name = "Pods-RunnerTests.release.xcconfig"; path = "Target Support Files/Pods-RunnerTests/Pods-RunnerTests.release.xcconfig"; sourceTree = "<group>"; };
/* End PBXFileReference section */

/* Begin PBXFrameworksBuildPhase section */
		8539325AFEF10C0BC3F9A3D4 /* Frameworks */ = {
			isa = PBXFrameworksBuildPhase;
			buildActionMask = 2147483647;
			files = (
				C8E30A8522F3E7E877F3B912 /* Pods_RunnerTests.framework in Frameworks */,
			);
			runOnlyForDeploymentPostprocessing = 0;
		};
		97C146EB1CF9000F007C117D /* Frameworks */ = {
			isa = PBXFrameworksBuildPhase;
			buildActionMask = 2147483647;
			files = (
				C018501205599FA317A59F3A /* Pods_Runner.framework in Frameworks */,
			);
			runOnlyForDeploymentPostprocessing = 0;
		};
/* End PBXFrameworksBuildPhase section */

/* Begin PBXGroup section */
		331C8082294A63A400263BE5 /* RunnerTests */ = {
			isa = PBXGroup;
			children = (
				331C807B294A618700263BE5 /* RunnerTests.swift */,
			);
			path = RunnerTests;
			sourceTree = "<group>";
		};
		47DF03DF2D5B38FC0028894C /* Products */ = {
			isa = PBXGroup;
			children = (
			);
			name = Products;
			sourceTree = "<group>";
		};
		47DF054E2D5CF1500028894C /* Models */ = {
			isa = PBXGroup;
			children = (
				47DF06292D5CF9120028894C /* ImageEditViewController.swift */,
				47DF054B2D5CF1500028894C /* CubeParser.swift */,
				47DF054A2D5CF1500028894C /* CubeManager.swift */,
				47DF054C2D5CF1500028894C /* FilterProcessor.swift */,
				47DF054D2D5CF1500028894C /* ImageSaver.swift */,
			);
			path = Models;
			sourceTree = "<group>";
		};
		47DF058A2D5CF8B80028894C /* Resources */ = {
			isa = PBXGroup;
			children = (
				E5F85FD92DA69EF60094BBAB /* daily1.cube */,
				E5F85FDA2DA69EF60094BBAB /* daily2.cube */,
				E5F85FDB2DA69EF60094BBAB /* film.cube */,
				E5F85FDC2DA69EF60094BBAB /* mood.cube */,
			);
			path = Resources;
			sourceTree = "<group>";
		};
		47DF05E82D5CF8D90028894C /* thumbnails */ = {
			isa = PBXGroup;
			children = (
				E547655F2DA7FEAA009C08CE /* daily1_thumbnail.png */,
				E54765602DA7FEAA009C08CE /* daily2_thumbnail.png */,
				E54765612DA7FEAA009C08CE /* film_thumbnail.png */,
				E54765622DA7FEAA009C08CE /* mood_thumbnail.png */,
				E54765632DA7FEAA009C08CE /* normal_thumbnail.png */,
			);
			path = thumbnails;
			sourceTree = "<group>";
		};
		47DF061F2D5CF8E00028894C /* Fonts */ = {
			isa = PBXGroup;
			children = (
				47DF06162D5CF8E00028894C /* Pretendard-Black.otf */,
				47DF06172D5CF8E00028894C /* Pretendard-Bold.otf */,
				47DF06182D5CF8E00028894C /* Pretendard-ExtraBold.otf */,
				47DF06192D5CF8E00028894C /* Pretendard-ExtraLight.otf */,
				47DF061A2D5CF8E00028894C /* Pretendard-Light.otf */,
				47DF061B2D5CF8E00028894C /* Pretendard-Medium.otf */,
				47DF061C2D5CF8E00028894C /* Pretendard-Regular.otf */,
				47DF061D2D5CF8E00028894C /* Pretendard-SemiBold.otf */,
				47DF061E2D5CF8E00028894C /* Pretendard-Thin.otf */,
				E54765542DA7B27E009C08CE /* HS유지체.ttf */,
			);
			path = Fonts;
			sourceTree = "<group>";
		};
		47DF06612D5D85170028894C /* Components */ = {
			isa = PBXGroup;
			children = (
				47DF06BB2D5D9F210028894C /* ImageEditView.swift */,
				47DF067A2D5D88B10028894C /* camera */,
				47DF065E2D5D85170028894C /* CustomSlider.swift */,
				47DF065F2D5D85170028894C /* EffectButton.swift */,
				47DF06602D5D85170028894C /* FilterButton.swift */,
			);
			path = Components;
			sourceTree = "<group>";
		};
		47DF06652D5D85170028894C /* Views */ = {
			isa = PBXGroup;
			children = (
				47DF069F2D5D94980028894C /* AVAssetExportSession.swift */,
				47DF06612D5D85170028894C /* Components */,
				47DF06622D5D85170028894C /* ContentView.swift */,
				47DF06642D5D85170028894C /* ImagePicker.swift */,
			);
			path = Views;
			sourceTree = "<group>";
		};
		47DF067A2D5D88B10028894C /* camera */ = {
			isa = PBXGroup;
			children = (
				470D935C2D63166000787681 /* PhotoPreview.swift */,
				47DF06DE2D5DCFC10028894C /* CameraControlsView.swift */,
				47DF06C42D5DA35B0028894C /* CameraPreviewView.swift */,
				47DF06AF2D5D9B530028894C /* FilterIntensitySlider.swift */,
				47DF06AB2D5D9B0A0028894C /* CameraController.swift */,
				47DF06A52D5D99D00028894C /* CustomCameraView.swift */,
			);
			path = camera;
			sourceTree = "<group>";
		};
		4F48324FF24CD3BA68CE8EF2 /* Frameworks */ = {
			isa = PBXGroup;
			children = (
				844E8010F226BA2A5D4BFE12 /* Pods_Runner.framework */,
				420283D2FBED8950B5F22CF0 /* Pods_RunnerTests.framework */,
			);
			name = Frameworks;
			sourceTree = "<group>";
		};
		9740EEB11CF90186004384FC /* Flutter */ = {
			isa = PBXGroup;
			children = (
				3B3967151E833CAA004F5970 /* AppFrameworkInfo.plist */,
				9740EEB21CF90195004384FC /* Debug.xcconfig */,
				7AFA3C8E1D35360C0083082E /* Release.xcconfig */,
				9740EEB31CF90195004384FC /* Generated.xcconfig */,
			);
			name = Flutter;
			sourceTree = "<group>";
		};
		97C146E51CF9000F007C117D = {
			isa = PBXGroup;
			children = (
				47DF03DE2D5B38FC0028894C /* Runner.xcodeproj */,
				9740EEB11CF90186004384FC /* Flutter */,
				97C146F01CF9000F007C117D /* Runner */,
				97C146EF1CF9000F007C117D /* Products */,
				331C8082294A63A400263BE5 /* RunnerTests */,
				ABD0FB7F8683BF431F947077 /* GoogleService-Info.plist */,
				AE2039EC9234755303776EB3 /* Pods */,
				4F48324FF24CD3BA68CE8EF2 /* Frameworks */,
			);
			sourceTree = "<group>";
		};
		97C146EF1CF9000F007C117D /* Products */ = {
			isa = PBXGroup;
			children = (
				97C146EE1CF9000F007C117D /* Runner.app */,
				331C8081294A63A400263BE5 /* RunnerTests.xctest */,
			);
			name = Products;
			sourceTree = "<group>";
		};
		97C146F01CF9000F007C117D /* Runner */ = {
			isa = PBXGroup;
			children = (
				472864AE2D2F9DB400FC7252 /* Runner.entitlements */,
				97C146FA1CF9000F007C117D /* Main.storyboard */,
				E54765502DA7AFE8009C08CE /* Assets.xcassets */,
				97C146FF1CF9000F007C117D /* LaunchScreen.storyboard */,
				97C147021CF9000F007C117D /* Info.plist */,
				1498D2321E8E86230040F4C2 /* GeneratedPluginRegistrant.h */,
				1498D2331E8E89220040F4C2 /* GeneratedPluginRegistrant.m */,
				47DF061F2D5CF8E00028894C /* Fonts */,
				47DF05E82D5CF8D90028894C /* thumbnails */,
				47DF054E2D5CF1500028894C /* Models */,
				47DF058A2D5CF8B80028894C /* Resources */,
				74858FAE1ED2DC5600515810 /* AppDelegate.swift */,
				47DF06652D5D85170028894C /* Views */,
				74858FAD1ED2DC5600515810 /* Runner-Bridging-Header.h */,
			);
			path = Runner;
			sourceTree = "<group>";
		};
		AE2039EC9234755303776EB3 /* Pods */ = {
			isa = PBXGroup;
			children = (
				7BBD233E1A17E0AEE6E89187 /* Pods-Runner.debug.xcconfig */,
				87888CE4E6273D4991A72CBE /* Pods-Runner.release.xcconfig */,
				83A286AB1CAFF4B90B17F561 /* Pods-Runner.profile.xcconfig */,
				3680F95D8CF0BFDAB04AF1BB /* Pods-RunnerTests.debug.xcconfig */,
				F6BFCE5606F2013C99725D54 /* Pods-RunnerTests.release.xcconfig */,
				7670F4B0E4B5A20170BACA0D /* Pods-RunnerTests.profile.xcconfig */,
			);
			path = Pods;
			sourceTree = "<group>";
		};
/* End PBXGroup section */

/* Begin PBXNativeTarget section */
		331C8080294A63A400263BE5 /* RunnerTests */ = {
			isa = PBXNativeTarget;
			buildConfigurationList = 331C8087294A63A400263BE5 /* Build configuration list for PBXNativeTarget "RunnerTests" */;
			buildPhases = (
				710987B10C0301AA6A9A8E86 /* [CP] Check Pods Manifest.lock */,
				331C807D294A63A400263BE5 /* Sources */,
				331C807F294A63A400263BE5 /* Resources */,
				8539325AFEF10C0BC3F9A3D4 /* Frameworks */,
			);
			buildRules = (
			);
			dependencies = (
				331C8086294A63A400263BE5 /* PBXTargetDependency */,
			);
			name = RunnerTests;
			productName = RunnerTests;
			productReference = 331C8081294A63A400263BE5 /* RunnerTests.xctest */;
			productType = "com.apple.product-type.bundle.unit-test";
		};
		97C146ED1CF9000F007C117D /* Runner */ = {
			isa = PBXNativeTarget;
			buildConfigurationList = 97C147051CF9000F007C117D /* Build configuration list for PBXNativeTarget "Runner" */;
			buildPhases = (
				769F553B285F9260FB775E4F /* [CP] Check Pods Manifest.lock */,
				9740EEB61CF901F6004384FC /* Run Script */,
				97C146EA1CF9000F007C117D /* Sources */,
				97C146EB1CF9000F007C117D /* Frameworks */,
				97C146EC1CF9000F007C117D /* Resources */,
				9705A1C41CF9048500538489 /* Embed Frameworks */,
				3B06AD1E1E4923F5004D2608 /* Thin Binary */,
				4F288DC66AF1485EB0F22B24 /* [CP] Embed Pods Frameworks */,
				A852535F7BBDFF6ED91438DF /* [CP] Copy Pods Resources */,
			);
			buildRules = (
			);
			dependencies = (
			);
			name = Runner;
			productName = Runner;
			productReference = 97C146EE1CF9000F007C117D /* Runner.app */;
			productType = "com.apple.product-type.application";
		};
/* End PBXNativeTarget section */

/* Begin PBXProject section */
		97C146E61CF9000F007C117D /* Project object */ = {
			isa = PBXProject;
			attributes = {
				BuildIndependentTargetsInParallel = YES;
				LastUpgradeCheck = 1510;
				ORGANIZATIONNAME = "";
				TargetAttributes = {
					331C8080294A63A400263BE5 = {
						CreatedOnToolsVersion = 14.0;
						TestTargetID = 97C146ED1CF9000F007C117D;
					};
					97C146ED1CF9000F007C117D = {
						CreatedOnToolsVersion = 7.3.1;
						LastSwiftMigration = 1100;
					};
				};
			};
			buildConfigurationList = 97C146E91CF9000F007C117D /* Build configuration list for PBXProject "Runner" */;
			compatibilityVersion = "Xcode 9.3";
			developmentRegion = en;
			hasScannedForEncodings = 0;
			knownRegions = (
				en,
				Base,
			);
			mainGroup = 97C146E51CF9000F007C117D;
			productRefGroup = 97C146EF1CF9000F007C117D /* Products */;
			projectDirPath = "";
			projectReferences = (
				{
					ProductGroup = 47DF03DF2D5B38FC0028894C /* Products */;
					ProjectRef = 47DF03DE2D5B38FC0028894C /* Runner.xcodeproj */;
				},
			);
			projectRoot = "";
			targets = (
				97C146ED1CF9000F007C117D /* Runner */,
				331C8080294A63A400263BE5 /* RunnerTests */,
			);
		};
/* End PBXProject section */

/* Begin PBXResourcesBuildPhase section */
		331C807F294A63A400263BE5 /* Resources */ = {
			isa = PBXResourcesBuildPhase;
			buildActionMask = 2147483647;
			files = (
			);
			runOnlyForDeploymentPostprocessing = 0;
		};
		97C146EC1CF9000F007C117D /* Resources */ = {
			isa = PBXResourcesBuildPhase;
			buildActionMask = 2147483647;
			files = (
				E54765512DA7B046009C08CE /* Assets.xcassets in Resources */,
				97C147011CF9000F007C117D /* LaunchScreen.storyboard in Resources */,
				3B3967161E833CAA004F5970 /* AppFrameworkInfo.plist in Resources */,
				97C146FC1CF9000F007C117D /* Main.storyboard in Resources */,
				47DF06202D5CF8E00028894C /* Pretendard-Light.otf in Resources */,
				47DF06212D5CF8E00028894C /* Pretendard-SemiBold.otf in Resources */,
				47DF06222D5CF8E00028894C /* Pretendard-ExtraBold.otf in Resources */,
				47DF06232D5CF8E00028894C /* Pretendard-Medium.otf in Resources */,
				E5F85FDD2DA69EF60094BBAB /* mood.cube in Resources */,
				E5F85FDE2DA69EF60094BBAB /* film.cube in Resources */,
				E5F85FDF2DA69EF60094BBAB /* daily1.cube in Resources */,
				E54765642DA7FEAA009C08CE /* normal_thumbnail.png in Resources */,
				E54765652DA7FEAA009C08CE /* daily2_thumbnail.png in Resources */,
				E54765662DA7FEAA009C08CE /* film_thumbnail.png in Resources */,
				E54765672DA7FEAA009C08CE /* mood_thumbnail.png in Resources */,
				E54765682DA7FEAA009C08CE /* daily1_thumbnail.png in Resources */,
				E5F85FE02DA69EF60094BBAB /* daily2.cube in Resources */,
				47DF06242D5CF8E00028894C /* Pretendard-Black.otf in Resources */,
				E54765552DA7B27E009C08CE /* HS유지체.ttf in Resources */,
				47DF06252D5CF8E00028894C /* Pretendard-Bold.otf in Resources */,
				47DF06262D5CF8E00028894C /* Pretendard-Thin.otf in Resources */,
				47DF06272D5CF8E00028894C /* Pretendard-Regular.otf in Resources */,
				47DF06282D5CF8E00028894C /* Pretendard-ExtraLight.otf in Resources */,
				A23FBA011E9F126DB7C7DE60 /* GoogleService-Info.plist in Resources */,
			);
			runOnlyForDeploymentPostprocessing = 0;
		};
/* End PBXResourcesBuildPhase section */

/* Begin PBXShellScriptBuildPhase section */
		3B06AD1E1E4923F5004D2608 /* Thin Binary */ = {
			isa = PBXShellScriptBuildPhase;
			alwaysOutOfDate = 1;
			buildActionMask = 2147483647;
			files = (
			);
			inputPaths = (
				"${TARGET_BUILD_DIR}/${INFOPLIST_PATH}",
			);
			name = "Thin Binary";
			outputPaths = (
			);
			runOnlyForDeploymentPostprocessing = 0;
			shellPath = /bin/sh;
			shellScript = "/bin/sh \"$FLUTTER_ROOT/packages/flutter_tools/bin/xcode_backend.sh\" embed_and_thin";
		};
		4F288DC66AF1485EB0F22B24 /* [CP] Embed Pods Frameworks */ = {
			isa = PBXShellScriptBuildPhase;
			buildActionMask = 2147483647;
			files = (
			);
			inputFileListPaths = (
				"${PODS_ROOT}/Target Support Files/Pods-Runner/Pods-Runner-frameworks-${CONFIGURATION}-input-files.xcfilelist",
			);
			name = "[CP] Embed Pods Frameworks";
			outputFileListPaths = (
				"${PODS_ROOT}/Target Support Files/Pods-Runner/Pods-Runner-frameworks-${CONFIGURATION}-output-files.xcfilelist",
			);
			runOnlyForDeploymentPostprocessing = 0;
			shellPath = /bin/sh;
			shellScript = "\"${PODS_ROOT}/Target Support Files/Pods-Runner/Pods-Runner-frameworks.sh\"\n";
			showEnvVarsInLog = 0;
		};
		710987B10C0301AA6A9A8E86 /* [CP] Check Pods Manifest.lock */ = {
			isa = PBXShellScriptBuildPhase;
			buildActionMask = 2147483647;
			files = (
			);
			inputFileListPaths = (
			);
			inputPaths = (
				"${PODS_PODFILE_DIR_PATH}/Podfile.lock",
				"${PODS_ROOT}/Manifest.lock",
			);
			name = "[CP] Check Pods Manifest.lock";
			outputFileListPaths = (
			);
			outputPaths = (
				"$(DERIVED_FILE_DIR)/Pods-RunnerTests-checkManifestLockResult.txt",
			);
			runOnlyForDeploymentPostprocessing = 0;
			shellPath = /bin/sh;
			shellScript = "diff \"${PODS_PODFILE_DIR_PATH}/Podfile.lock\" \"${PODS_ROOT}/Manifest.lock\" > /dev/null\nif [ $? != 0 ] ; then\n    # print error to STDERR\n    echo \"error: The sandbox is not in sync with the Podfile.lock. Run 'pod install' or update your CocoaPods installation.\" >&2\n    exit 1\nfi\n# This output is used by Xcode 'outputs' to avoid re-running this script phase.\necho \"SUCCESS\" > \"${SCRIPT_OUTPUT_FILE_0}\"\n";
			showEnvVarsInLog = 0;
		};
		769F553B285F9260FB775E4F /* [CP] Check Pods Manifest.lock */ = {
			isa = PBXShellScriptBuildPhase;
			buildActionMask = 2147483647;
			files = (
			);
			inputFileListPaths = (
			);
			inputPaths = (
				"${PODS_PODFILE_DIR_PATH}/Podfile.lock",
				"${PODS_ROOT}/Manifest.lock",
			);
			name = "[CP] Check Pods Manifest.lock";
			outputFileListPaths = (
			);
			outputPaths = (
				"$(DERIVED_FILE_DIR)/Pods-Runner-checkManifestLockResult.txt",
			);
			runOnlyForDeploymentPostprocessing = 0;
			shellPath = /bin/sh;
			shellScript = "diff \"${PODS_PODFILE_DIR_PATH}/Podfile.lock\" \"${PODS_ROOT}/Manifest.lock\" > /dev/null\nif [ $? != 0 ] ; then\n    # print error to STDERR\n    echo \"error: The sandbox is not in sync with the Podfile.lock. Run 'pod install' or update your CocoaPods installation.\" >&2\n    exit 1\nfi\n# This output is used by Xcode 'outputs' to avoid re-running this script phase.\necho \"SUCCESS\" > \"${SCRIPT_OUTPUT_FILE_0}\"\n";
			showEnvVarsInLog = 0;
		};
		9740EEB61CF901F6004384FC /* Run Script */ = {
			isa = PBXShellScriptBuildPhase;
			alwaysOutOfDate = 1;
			buildActionMask = 2147483647;
			files = (
			);
			inputPaths = (
			);
			name = "Run Script";
			outputPaths = (
			);
			runOnlyForDeploymentPostprocessing = 0;
			shellPath = /bin/sh;
			shellScript = "/bin/sh \"$FLUTTER_ROOT/packages/flutter_tools/bin/xcode_backend.sh\" build 이거랑 #!/bin/bash\nset -e\n";
		};
		A852535F7BBDFF6ED91438DF /* [CP] Copy Pods Resources */ = {
			isa = PBXShellScriptBuildPhase;
			buildActionMask = 2147483647;
			files = (
			);
			inputFileListPaths = (
				"${PODS_ROOT}/Target Support Files/Pods-Runner/Pods-Runner-resources-${CONFIGURATION}-input-files.xcfilelist",
			);
			name = "[CP] Copy Pods Resources";
			outputFileListPaths = (
				"${PODS_ROOT}/Target Support Files/Pods-Runner/Pods-Runner-resources-${CONFIGURATION}-output-files.xcfilelist",
			);
			runOnlyForDeploymentPostprocessing = 0;
			shellPath = /bin/sh;
			shellScript = "\"${PODS_ROOT}/Target Support Files/Pods-Runner/Pods-Runner-resources.sh\"\n";
			showEnvVarsInLog = 0;
		};
/* End PBXShellScriptBuildPhase section */

/* Begin PBXSourcesBuildPhase section */
		331C807D294A63A400263BE5 /* Sources */ = {
			isa = PBXSourcesBuildPhase;
			buildActionMask = 2147483647;
			files = (
				331C808B294A63AB00263BE5 /* RunnerTests.swift in Sources */,
			);
			runOnlyForDeploymentPostprocessing = 0;
		};
		97C146EA1CF9000F007C117D /* Sources */ = {
			isa = PBXSourcesBuildPhase;
			buildActionMask = 2147483647;
			files = (
				47DF06DF2D5DCFC60028894C /* CameraControlsView.swift in Sources */,
				470D935D2D63166900787681 /* PhotoPreview.swift in Sources */,
				47DF06B02D5D9B550028894C /* FilterIntensitySlider.swift in Sources */,
				47DF06AC2D5D9B0D0028894C /* CameraController.swift in Sources */,
				47DF062A2D5CF9120028894C /* ImageEditViewController.swift in Sources */,
				47DF06A02D5D94A70028894C /* AVAssetExportSession.swift in Sources */,
				47DF06662D5D85170028894C /* FilterButton.swift in Sources */,
				47DF06672D5D85170028894C /* ContentView.swift in Sources */,
				47DF06682D5D85170028894C /* CustomSlider.swift in Sources */,
				47DF06692D5D85170028894C /* EffectButton.swift in Sources */,
				47DF066C2D5D85170028894C /* ImagePicker.swift in Sources */,
				47DF06BC2D5D9F230028894C /* ImageEditView.swift in Sources */,
				47DF06A62D5D99DC0028894C /* CustomCameraView.swift in Sources */,
				74858FAF1ED2DC5600515810 /* AppDelegate.swift in Sources */,
				47DF06C52D5DA35D0028894C /* CameraPreviewView.swift in Sources */,
				1498D2341E8E89220040F4C2 /* GeneratedPluginRegistrant.m in Sources */,
				47DF054F2D5CF1500028894C /* CubeManager.swift in Sources */,
				47DF05502D5CF1500028894C /* ImageSaver.swift in Sources */,
				47DF05512D5CF1500028894C /* FilterProcessor.swift in Sources */,
				47DF05522D5CF1500028894C /* CubeParser.swift in Sources */,
			);
			runOnlyForDeploymentPostprocessing = 0;
		};
/* End PBXSourcesBuildPhase section */

/* Begin PBXTargetDependency section */
		331C8086294A63A400263BE5 /* PBXTargetDependency */ = {
			isa = PBXTargetDependency;
			target = 97C146ED1CF9000F007C117D /* Runner */;
			targetProxy = 331C8085294A63A400263BE5 /* PBXContainerItemProxy */;
		};
/* End PBXTargetDependency section */

/* Begin PBXVariantGroup section */
		97C146FA1CF9000F007C117D /* Main.storyboard */ = {
			isa = PBXVariantGroup;
			children = (
				97C146FB1CF9000F007C117D /* Base */,
			);
			name = Main.storyboard;
			sourceTree = "<group>";
		};
		97C146FF1CF9000F007C117D /* LaunchScreen.storyboard */ = {
			isa = PBXVariantGroup;
			children = (
				97C147001CF9000F007C117D /* Base */,
			);
			name = LaunchScreen.storyboard;
			sourceTree = "<group>";
		};
/* End PBXVariantGroup section */

/* Begin XCBuildConfiguration section */
		249021D3217E4FDB00AE95B9 /* Profile */ = {
			isa = XCBuildConfiguration;
			buildSettings = {
				ALWAYS_SEARCH_USER_PATHS = NO;
				ASSETCATALOG_COMPILER_GENERATE_SWIFT_ASSET_SYMBOL_EXTENSIONS = YES;
				CLANG_ANALYZER_NONNULL = YES;
				CLANG_CXX_LANGUAGE_STANDARD = "gnu++0x";
				CLANG_CXX_LIBRARY = "libc++";
				CLANG_ENABLE_MODULES = YES;
				CLANG_ENABLE_OBJC_ARC = YES;
				CLANG_WARN_BLOCK_CAPTURE_AUTORELEASING = YES;
				CLANG_WARN_BOOL_CONVERSION = YES;
				CLANG_WARN_COMMA = YES;
				CLANG_WARN_CONSTANT_CONVERSION = YES;
				CLANG_WARN_DEPRECATED_OBJC_IMPLEMENTATIONS = YES;
				CLANG_WARN_DIRECT_OBJC_ISA_USAGE = YES_ERROR;
				CLANG_WARN_EMPTY_BODY = YES;
				CLANG_WARN_ENUM_CONVERSION = YES;
				CLANG_WARN_INFINITE_RECURSION = YES;
				CLANG_WARN_INT_CONVERSION = YES;
				CLANG_WARN_NON_LITERAL_NULL_CONVERSION = YES;
				CLANG_WARN_OBJC_IMPLICIT_RETAIN_SELF = YES;
				CLANG_WARN_OBJC_LITERAL_CONVERSION = YES;
				CLANG_WARN_OBJC_ROOT_CLASS = YES_ERROR;
				CLANG_WARN_QUOTED_INCLUDE_IN_FRAMEWORK_HEADER = YES;
				CLANG_WARN_RANGE_LOOP_ANALYSIS = YES;
				CLANG_WARN_STRICT_PROTOTYPES = YES;
				CLANG_WARN_SUSPICIOUS_MOVE = YES;
				CLANG_WARN_UNREACHABLE_CODE = YES;
				CLANG_WARN__DUPLICATE_METHOD_MATCH = YES;
				"CODE_SIGN_IDENTITY[sdk=iphoneos*]" = "iPhone Developer";
				COPY_PHASE_STRIP = NO;
				DEBUG_INFORMATION_FORMAT = "dwarf-with-dsym";
				ENABLE_NS_ASSERTIONS = NO;
				ENABLE_STRICT_OBJC_MSGSEND = YES;
				ENABLE_USER_SCRIPT_SANDBOXING = NO;
				GCC_C_LANGUAGE_STANDARD = gnu99;
				GCC_NO_COMMON_BLOCKS = YES;
				GCC_WARN_64_TO_32_BIT_CONVERSION = YES;
				GCC_WARN_ABOUT_RETURN_TYPE = YES_ERROR;
				GCC_WARN_UNDECLARED_SELECTOR = YES;
				GCC_WARN_UNINITIALIZED_AUTOS = YES_AGGRESSIVE;
				GCC_WARN_UNUSED_FUNCTION = YES;
				GCC_WARN_UNUSED_VARIABLE = YES;
				IPHONEOS_DEPLOYMENT_TARGET = 15.6;
				MTL_ENABLE_DEBUG_INFO = NO;
				SDKROOT = iphoneos;
				SUPPORTED_PLATFORMS = iphoneos;
				TARGETED_DEVICE_FAMILY = "1,2";
				VALIDATE_PRODUCT = YES;
			};
			name = Profile;
		};
		249021D4217E4FDB00AE95B9 /* Profile */ = {
			isa = XCBuildConfiguration;
			baseConfigurationReference = 7AFA3C8E1D35360C0083082E /* Release.xcconfig */;
			buildSettings = {
				ASSETCATALOG_COMPILER_APPICON_NAME = AppIcon;
				CLANG_ENABLE_MODULES = YES;
				CODE_SIGN_ENTITLEMENTS = Runner/Runner.entitlements;
				CODE_SIGN_IDENTITY = "Apple Development";
				CODE_SIGN_STYLE = Automatic;
				CURRENT_PROJECT_VERSION = "$(FLUTTER_BUILD_NUMBER)";
				DEVELOPMENT_TEAM = VSKJ488525;
				ENABLE_BITCODE = NO;
				INFOPLIST_FILE = Runner/Info.plist;
				IPHONEOS_DEPLOYMENT_TARGET = 16;
				LD_RUNPATH_SEARCH_PATHS = (
					"$(inherited)",
					"@executable_path/Frameworks",
				);
				PRODUCT_BUNDLE_IDENTIFIER = com.petMoment1;
				PRODUCT_NAME = "$(TARGET_NAME)";
				PROVISIONING_PROFILE_SPECIFIER = "";
				SUPPORTED_PLATFORMS = "iphoneos iphonesimulator";
				SUPPORTS_MACCATALYST = NO;
				SUPPORTS_MAC_DESIGNED_FOR_IPHONE_IPAD = NO;
				SUPPORTS_XR_DESIGNED_FOR_IPHONE_IPAD = NO;
				SWIFT_OBJC_BRIDGING_HEADER = "Runner/Runner-Bridging-Header.h";
				SWIFT_VERSION = 5.0;
				TARGETED_DEVICE_FAMILY = 1;
				VERSIONING_SYSTEM = "apple-generic";
			};
			name = Profile;
		};
		331C8088294A63A400263BE5 /* Debug */ = {
			isa = XCBuildConfiguration;
			baseConfigurationReference = 3680F95D8CF0BFDAB04AF1BB /* Pods-RunnerTests.debug.xcconfig */;
			buildSettings = {
				BUNDLE_LOADER = "$(TEST_HOST)";
				CODE_SIGN_STYLE = Automatic;
				CURRENT_PROJECT_VERSION = 1;
				GENERATE_INFOPLIST_FILE = YES;
				MARKETING_VERSION = 1.0;
				PRODUCT_BUNDLE_IDENTIFIER = com.example.petMoment.RunnerTests;
				PRODUCT_NAME = "$(TARGET_NAME)";
				SWIFT_ACTIVE_COMPILATION_CONDITIONS = DEBUG;
				SWIFT_OPTIMIZATION_LEVEL = "-Onone";
				SWIFT_VERSION = 5.0;
				TEST_HOST = "$(BUILT_PRODUCTS_DIR)/Runner.app/$(BUNDLE_EXECUTABLE_FOLDER_PATH)/Runner";
			};
			name = Debug;
		};
		331C8089294A63A400263BE5 /* Release */ = {
			isa = XCBuildConfiguration;
			baseConfigurationReference = F6BFCE5606F2013C99725D54 /* Pods-RunnerTests.release.xcconfig */;
			buildSettings = {
				BUNDLE_LOADER = "$(TEST_HOST)";
				CODE_SIGN_STYLE = Automatic;
				CURRENT_PROJECT_VERSION = 1;
				GENERATE_INFOPLIST_FILE = YES;
				MARKETING_VERSION = 1.0;
				PRODUCT_BUNDLE_IDENTIFIER = com.example.petMoment.RunnerTests;
				PRODUCT_NAME = "$(TARGET_NAME)";
				SWIFT_VERSION = 5.0;
				TEST_HOST = "$(BUILT_PRODUCTS_DIR)/Runner.app/$(BUNDLE_EXECUTABLE_FOLDER_PATH)/Runner";
			};
			name = Release;
		};
		331C808A294A63A400263BE5 /* Profile */ = {
			isa = XCBuildConfiguration;
			baseConfigurationReference = 7670F4B0E4B5A20170BACA0D /* Pods-RunnerTests.profile.xcconfig */;
			buildSettings = {
				BUNDLE_LOADER = "$(TEST_HOST)";
				CODE_SIGN_STYLE = Automatic;
				CURRENT_PROJECT_VERSION = 1;
				GENERATE_INFOPLIST_FILE = YES;
				MARKETING_VERSION = 1.0;
				PRODUCT_BUNDLE_IDENTIFIER = com.example.petMoment.RunnerTests;
				PRODUCT_NAME = "$(TARGET_NAME)";
				SWIFT_VERSION = 5.0;
				TEST_HOST = "$(BUILT_PRODUCTS_DIR)/Runner.app/$(BUNDLE_EXECUTABLE_FOLDER_PATH)/Runner";
			};
			name = Profile;
		};
		97C147031CF9000F007C117D /* Debug */ = {
			isa = XCBuildConfiguration;
			buildSettings = {
				ALWAYS_SEARCH_USER_PATHS = NO;
				ASSETCATALOG_COMPILER_GENERATE_SWIFT_ASSET_SYMBOL_EXTENSIONS = YES;
				CLANG_ANALYZER_NONNULL = YES;
				CLANG_CXX_LANGUAGE_STANDARD = "gnu++0x";
				CLANG_CXX_LIBRARY = "libc++";
				CLANG_ENABLE_MODULES = YES;
				CLANG_ENABLE_OBJC_ARC = YES;
				CLANG_WARN_BLOCK_CAPTURE_AUTORELEASING = YES;
				CLANG_WARN_BOOL_CONVERSION = YES;
				CLANG_WARN_COMMA = YES;
				CLANG_WARN_CONSTANT_CONVERSION = YES;
				CLANG_WARN_DEPRECATED_OBJC_IMPLEMENTATIONS = YES;
				CLANG_WARN_DIRECT_OBJC_ISA_USAGE = YES_ERROR;
				CLANG_WARN_EMPTY_BODY = YES;
				CLANG_WARN_ENUM_CONVERSION = YES;
				CLANG_WARN_INFINITE_RECURSION = YES;
				CLANG_WARN_INT_CONVERSION = YES;
				CLANG_WARN_NON_LITERAL_NULL_CONVERSION = YES;
				CLANG_WARN_OBJC_IMPLICIT_RETAIN_SELF = YES;
				CLANG_WARN_OBJC_LITERAL_CONVERSION = YES;
				CLANG_WARN_OBJC_ROOT_CLASS = YES_ERROR;
				CLANG_WARN_QUOTED_INCLUDE_IN_FRAMEWORK_HEADER = YES;
				CLANG_WARN_RANGE_LOOP_ANALYSIS = YES;
				CLANG_WARN_STRICT_PROTOTYPES = YES;
				CLANG_WARN_SUSPICIOUS_MOVE = YES;
				CLANG_WARN_UNREACHABLE_CODE = YES;
				CLANG_WARN__DUPLICATE_METHOD_MATCH = YES;
				"CODE_SIGN_IDENTITY[sdk=iphoneos*]" = "iPhone Developer";
				COPY_PHASE_STRIP = NO;
				DEBUG_INFORMATION_FORMAT = dwarf;
				ENABLE_STRICT_OBJC_MSGSEND = YES;
				ENABLE_TESTABILITY = YES;
				ENABLE_USER_SCRIPT_SANDBOXING = NO;
				GCC_C_LANGUAGE_STANDARD = gnu99;
				GCC_DYNAMIC_NO_PIC = NO;
				GCC_NO_COMMON_BLOCKS = YES;
				GCC_OPTIMIZATION_LEVEL = 0;
				GCC_PREPROCESSOR_DEFINITIONS = (
					"DEBUG=1",
					"$(inherited)",
				);
				GCC_WARN_64_TO_32_BIT_CONVERSION = YES;
				GCC_WARN_ABOUT_RETURN_TYPE = YES_ERROR;
				GCC_WARN_UNDECLARED_SELECTOR = YES;
				GCC_WARN_UNINITIALIZED_AUTOS = YES_AGGRESSIVE;
				GCC_WARN_UNUSED_FUNCTION = YES;
				GCC_WARN_UNUSED_VARIABLE = YES;
				IPHONEOS_DEPLOYMENT_TARGET = 15.6;
				MTL_ENABLE_DEBUG_INFO = YES;
				ONLY_ACTIVE_ARCH = YES;
				SDKROOT = iphoneos;
				TARGETED_DEVICE_FAMILY = "1,2";
			};
			name = Debug;
		};
		97C147041CF9000F007C117D /* Release */ = {
			isa = XCBuildConfiguration;
			buildSettings = {
				ALWAYS_SEARCH_USER_PATHS = NO;
				ASSETCATALOG_COMPILER_GENERATE_SWIFT_ASSET_SYMBOL_EXTENSIONS = YES;
				CLANG_ANALYZER_NONNULL = YES;
				CLANG_CXX_LANGUAGE_STANDARD = "gnu++0x";
				CLANG_CXX_LIBRARY = "libc++";
				CLANG_ENABLE_MODULES = YES;
				CLANG_ENABLE_OBJC_ARC = YES;
				CLANG_WARN_BLOCK_CAPTURE_AUTORELEASING = YES;
				CLANG_WARN_BOOL_CONVERSION = YES;
				CLANG_WARN_COMMA = YES;
				CLANG_WARN_CONSTANT_CONVERSION = YES;
				CLANG_WARN_DEPRECATED_OBJC_IMPLEMENTATIONS = YES;
				CLANG_WARN_DIRECT_OBJC_ISA_USAGE = YES_ERROR;
				CLANG_WARN_EMPTY_BODY = YES;
				CLANG_WARN_ENUM_CONVERSION = YES;
				CLANG_WARN_INFINITE_RECURSION = YES;
				CLANG_WARN_INT_CONVERSION = YES;
				CLANG_WARN_NON_LITERAL_NULL_CONVERSION = YES;
				CLANG_WARN_OBJC_IMPLICIT_RETAIN_SELF = YES;
				CLANG_WARN_OBJC_LITERAL_CONVERSION = YES;
				CLANG_WARN_OBJC_ROOT_CLASS = YES_ERROR;
				CLANG_WARN_QUOTED_INCLUDE_IN_FRAMEWORK_HEADER = YES;
				CLANG_WARN_RANGE_LOOP_ANALYSIS = YES;
				CLANG_WARN_STRICT_PROTOTYPES = YES;
				CLANG_WARN_SUSPICIOUS_MOVE = YES;
				CLANG_WARN_UNREACHABLE_CODE = YES;
				CLANG_WARN__DUPLICATE_METHOD_MATCH = YES;
				"CODE_SIGN_IDENTITY[sdk=iphoneos*]" = "iPhone Developer";
				COPY_PHASE_STRIP = NO;
				DEBUG_INFORMATION_FORMAT = "dwarf-with-dsym";
				ENABLE_NS_ASSERTIONS = NO;
				ENABLE_STRICT_OBJC_MSGSEND = YES;
				ENABLE_USER_SCRIPT_SANDBOXING = NO;
				GCC_C_LANGUAGE_STANDARD = gnu99;
				GCC_NO_COMMON_BLOCKS = YES;
				GCC_WARN_64_TO_32_BIT_CONVERSION = YES;
				GCC_WARN_ABOUT_RETURN_TYPE = YES_ERROR;
				GCC_WARN_UNDECLARED_SELECTOR = YES;
				GCC_WARN_UNINITIALIZED_AUTOS = YES_AGGRESSIVE;
				GCC_WARN_UNUSED_FUNCTION = YES;
				GCC_WARN_UNUSED_VARIABLE = YES;
				IPHONEOS_DEPLOYMENT_TARGET = 15.6;
				MTL_ENABLE_DEBUG_INFO = NO;
				SDKROOT = iphoneos;
				SUPPORTED_PLATFORMS = iphoneos;
				SWIFT_COMPILATION_MODE = wholemodule;
				SWIFT_OPTIMIZATION_LEVEL = "-O";
				TARGETED_DEVICE_FAMILY = "1,2";
				VALIDATE_PRODUCT = YES;
			};
			name = Release;
		};
		97C147061CF9000F007C117D /* Debug */ = {
			isa = XCBuildConfiguration;
			baseConfigurationReference = 9740EEB21CF90195004384FC /* Debug.xcconfig */;
			buildSettings = {
				ASSETCATALOG_COMPILER_APPICON_NAME = AppIcon;
				CLANG_ENABLE_MODULES = YES;
				CODE_SIGN_ENTITLEMENTS = Runner/Runner.entitlements;
				CODE_SIGN_IDENTITY = "Apple Development";
				CODE_SIGN_STYLE = Automatic;
				CURRENT_PROJECT_VERSION = "$(FLUTTER_BUILD_NUMBER)";
				DEVELOPMENT_TEAM = VSKJ488525;
				ENABLE_BITCODE = NO;
				INFOPLIST_FILE = Runner/Info.plist;
				IPHONEOS_DEPLOYMENT_TARGET = 16;
				LD_RUNPATH_SEARCH_PATHS = (
					"$(inherited)",
					"@executable_path/Frameworks",
				);
				PRODUCT_BUNDLE_IDENTIFIER = com.petMoment1;
				PRODUCT_NAME = "$(TARGET_NAME)";
				PROVISIONING_PROFILE_SPECIFIER = "";
				SUPPORTED_PLATFORMS = "iphoneos iphonesimulator";
				SUPPORTS_MACCATALYST = NO;
				SUPPORTS_MAC_DESIGNED_FOR_IPHONE_IPAD = NO;
				SUPPORTS_XR_DESIGNED_FOR_IPHONE_IPAD = NO;
				SWIFT_OBJC_BRIDGING_HEADER = "Runner/Runner-Bridging-Header.h";
				SWIFT_OPTIMIZATION_LEVEL = "-Onone";
				SWIFT_VERSION = 5.0;
				TARGETED_DEVICE_FAMILY = 1;
				VERSIONING_SYSTEM = "apple-generic";
			};
			name = Debug;
		};
		97C147071CF9000F007C117D /* Release */ = {
			isa = XCBuildConfiguration;
			baseConfigurationReference = 7AFA3C8E1D35360C0083082E /* Release.xcconfig */;
			buildSettings = {
				ASSETCATALOG_COMPILER_APPICON_NAME = AppIcon;
				CLANG_ENABLE_MODULES = YES;
				CODE_SIGN_ENTITLEMENTS = Runner/Runner.entitlements;
				CODE_SIGN_IDENTITY = "Apple Development";
				CODE_SIGN_STYLE = Automatic;
				CURRENT_PROJECT_VERSION = "$(FLUTTER_BUILD_NUMBER)";
				DEVELOPMENT_TEAM = VSKJ488525;
				ENABLE_BITCODE = NO;
				INFOPLIST_FILE = Runner/Info.plist;
				IPHONEOS_DEPLOYMENT_TARGET = 16;
				LD_RUNPATH_SEARCH_PATHS = (
					"$(inherited)",
					"@executable_path/Frameworks",
				);
				PRODUCT_BUNDLE_IDENTIFIER = com.petMoment1;
				PRODUCT_NAME = "$(TARGET_NAME)";
				PROVISIONING_PROFILE_SPECIFIER = "";
				SUPPORTED_PLATFORMS = "iphoneos iphonesimulator";
				SUPPORTS_MACCATALYST = NO;
				SUPPORTS_MAC_DESIGNED_FOR_IPHONE_IPAD = NO;
				SUPPORTS_XR_DESIGNED_FOR_IPHONE_IPAD = NO;
				SWIFT_OBJC_BRIDGING_HEADER = "Runner/Runner-Bridging-Header.h";
				SWIFT_VERSION = 5.0;
				TARGETED_DEVICE_FAMILY = 1;
				VERSIONING_SYSTEM = "apple-generic";
			};
			name = Release;
		};
/* End XCBuildConfiguration section */

/* Begin XCConfigurationList section */
		331C8087294A63A400263BE5 /* Build configuration list for PBXNativeTarget "RunnerTests" */ = {
			isa = XCConfigurationList;
			buildConfigurations = (
				331C8088294A63A400263BE5 /* Debug */,
				331C8089294A63A400263BE5 /* Release */,
				331C808A294A63A400263BE5 /* Profile */,
			);
			defaultConfigurationIsVisible = 0;
			defaultConfigurationName = Release;
		};
		97C146E91CF9000F007C117D /* Build configuration list for PBXProject "Runner" */ = {
			isa = XCConfigurationList;
			buildConfigurations = (
				97C147031CF9000F007C117D /* Debug */,
				97C147041CF9000F007C117D /* Release */,
				249021D3217E4FDB00AE95B9 /* Profile */,
			);
			defaultConfigurationIsVisible = 0;
			defaultConfigurationName = Release;
		};
		97C147051CF9000F007C117D /* Build configuration list for PBXNativeTarget "Runner" */ = {
			isa = XCConfigurationList;
			buildConfigurations = (
				97C147061CF9000F007C117D /* Debug */,
				97C147071CF9000F007C117D /* Release */,
				249021D4217E4FDB00AE95B9 /* Profile */,
			);
			defaultConfigurationIsVisible = 0;
			defaultConfigurationName = Release;
		};
/* End XCConfigurationList section */
	};
	rootObject = 97C146E61CF9000F007C117D /* Project object */;
}
